
Microsoft Visual Studio Solution File, Format Version 12.00
# Visual Studio Version 16
VisualStudioVersion = 16.0.29306.81
MinimumVisualStudioVersion = 10.0.40219.1
Project("{8BC9CEB8-8B4A-11D0-8D11-00A0C91BC942}") = "chip-8_emulator", "chip-8_emulator\chip-8_emulator.vcxproj", "{B9D67F24-6D3F-4FE6-993F-09FAF739E131}"
EndProject
Project("{8BC9CEB8-8B4A-11D0-8D11-00A0C91BC942}") = "SDL", "extern\SDL\SDL\SDL.vcxproj", "{C142A5C0-D8E7-4143-B744-F92E6C870FAD}"
EndProject
Global
	GlobalSection(SolutionConfigurationPlatforms) = preSolution
		Debug|x64 = Debug|x64
		Debug|x86 = Debug|x86
		Release|x64 = Release|x64
		Release|x86 = Release|x86
	EndGlobalSection
	GlobalSection(ProjectConfigurationPlatforms) = postSolution
		{B9D67F24-6D3F-4FE6-993F-09FAF739E131}.Debug|x64.ActiveCfg = Debug|x64
		{B9D67F24-6D3F-4FE6-993F-09FAF739E131}.Debug|x64.Build.0 = Debug|x64
		{B9D67F24-6D3F-4FE6-993F-09FAF739E131}.Debug|x86.ActiveCfg = Debug|Win32
		{B9D67F24-6D3F-4FE6-993F-09FAF739E131}.Debug|x86.Build.0 = Debug|Win32
		{B9D67F24-6D3F-4FE6-993F-09FAF739E131}.Release|x64.ActiveCfg = Release|x64
		{B9D67F24-6D3F-4FE6-993F-09FAF739E131}.Release|x64.Build.0 = Release|x64
		{B9D67F24-6D3F-4FE6-993F-09FAF739E131}.Release|x86.ActiveCfg = Release|Win32
		{B9D67F24-6D3F-4FE6-993F-09FAF739E131}.Release|x86.Build.0 = Release|Win32
		{C142A5C0-D8E7-4143-B744-F92E6C870FAD}.Debug|x64.ActiveCfg = Debug|x64
		{C142A5C0-D8E7-4143-B744-F92E6C870FAD}.Debug|x64.Build.0 = Debug|x64
		{C142A5C0-D8E7-4143-B744-F92E6C870FAD}.Debug|x86.ActiveCfg = Debug|Win32
		{C142A5C0-D8E7-4143-B744-F92E6C870FAD}.Debug|x86.Build.0 = Debug|Win32
		{C142A5C0-D8E7-4143-B744-F92E6C870FAD}.Release|x64.ActiveCfg = Release|x64
		{C142A5C0-D8E7-4143-B744-F92E6C870FAD}.Release|x64.Build.0 = Release|x64
		{C142A5C0-D8E7-4143-B744-F92E6C870FAD}.Release|x86.ActiveCfg = Release|Win32
		{C142A5C0-D8E7-4143-B744-F92E6C870FAD}.Release|x86.Build.0 = Release|Win32
	EndGlobalSection
	GlobalSection(SolutionProperties) = preSolution
		HideSolutionNode = FALSE
	EndGlobalSection
	GlobalSection(ExtensibilityGlobals) = postSolution
		SolutionGuid = {DFA3978A-29B8-4274-9616-DEF9CA2B8A2F}
	EndGlobalSection
EndGlobal
